
Microsoft Visual Studio Solution File, Format Version 12.00
# Visual Studio Version 17
VisualStudioVersion = 17.14.36221.1 d17.14
MinimumVisualStudioVersion = 10.0.40219.1
Project("{FAE04EC0-301F-11D3-BF4B-00C04F79EFBC}") = "Horizon", "Horizon\Horizon.csproj", "{FF048707-34A9-4C8F-9F38-11B0D8B9EA64}"
EndProject
Global
	GlobalSection(SolutionConfigurationPlatforms) = preSolution
		Debug|Any CPU = Debug|Any CPU
		Release|Any CPU = Release|Any CPU
	EndGlobalSection
	GlobalSection(ProjectConfigurationPlatforms) = postSolution
		{FF048707-34A9-4C8F-9F38-11B0D8B9EA64}.Debug|Any CPU.ActiveCfg = Debug|Any CPU
		{FF048707-34A9-4C8F-9F38-11B0D8B9EA64}.Debug|Any CPU.Build.0 = Debug|Any CPU
		{FF048707-34A9-4C8F-9F38-11B0D8B9EA64}.Release|Any CPU.ActiveCfg = Release|Any CPU
		{FF048707-34A9-4C8F-9F38-11B0D8B9EA64}.Release|Any CPU.Build.0 = Release|Any CPU
	EndGlobalSection
	GlobalSection(SolutionProperties) = preSolution
		HideSolutionNode = FALSE
	EndGlobalSection
	GlobalSection(ExtensibilityGlobals) = postSolution
		SolutionGuid = {D07E68A4-EEDC-4DE2-A923-7746B82C99F6}
	EndGlobalSection
EndGlobal
